
Microsoft Visual Studio Solution File, Format Version 12.00
# Visual Studio Version 17
VisualStudioVersion = 17.0.31903.59
MinimumVisualStudioVersion = 10.0.40219.1
Project("{2150E333-8FDC-42A3-9474-1A3956D46DE8}") = "src", "src", "{FF4C49E5-27D6-4D02-A34C-E83C80B0B728}"
EndProject
Project("{FAE04EC0-301F-11D3-BF4B-00C04F79EFBC}") = "LoanTracker", "src\LoanTracker\LoanTracker.csproj", "{2D0A2979-4DF7-4C0A-917A-D6CDACEE3E9D}"
EndProject
Project("{2150E333-8FDC-42A3-9474-1A3956D46DE8}") = "tests", "tests", "{67FDCC61-FDED-44B1-A1B0-63937CA2AF09}"
EndProject
Project("{FAE04EC0-301F-11D3-BF4B-00C04F79EFBC}") = "LoanTracker.Tests", "tests\LoanTracker.Tests\LoanTracker.Tests.csproj", "{3BAA7F6B-F218-4818-8FC3-DC20BB51ADF4}"
EndProject
Global
	GlobalSection(SolutionConfigurationPlatforms) = preSolution
		Debug|Any CPU = Debug|Any CPU
		Release|Any CPU = Release|Any CPU
	EndGlobalSection
	GlobalSection(SolutionProperties) = preSolution
		HideSolutionNode = FALSE
	EndGlobalSection
	GlobalSection(ProjectConfigurationPlatforms) = postSolution
		{2D0A2979-4DF7-4C0A-917A-D6CDACEE3E9D}.Debug|Any CPU.ActiveCfg = Debug|Any CPU
		{2D0A2979-4DF7-4C0A-917A-D6CDACEE3E9D}.Debug|Any CPU.Build.0 = Debug|Any CPU
		{2D0A2979-4DF7-4C0A-917A-D6CDACEE3E9D}.Release|Any CPU.ActiveCfg = Release|Any CPU
		{2D0A2979-4DF7-4C0A-917A-D6CDACEE3E9D}.Release|Any CPU.Build.0 = Release|Any CPU
		{3BAA7F6B-F218-4818-8FC3-DC20BB51ADF4}.Debug|Any CPU.ActiveCfg = Debug|Any CPU
		{3BAA7F6B-F218-4818-8FC3-DC20BB51ADF4}.Debug|Any CPU.Build.0 = Debug|Any CPU
		{3BAA7F6B-F218-4818-8FC3-DC20BB51ADF4}.Release|Any CPU.ActiveCfg = Release|Any CPU
		{3BAA7F6B-F218-4818-8FC3-DC20BB51ADF4}.Release|Any CPU.Build.0 = Release|Any CPU
	EndGlobalSection
	GlobalSection(NestedProjects) = preSolution
		{2D0A2979-4DF7-4C0A-917A-D6CDACEE3E9D} = {FF4C49E5-27D6-4D02-A34C-E83C80B0B728}
		{3BAA7F6B-F218-4818-8FC3-DC20BB51ADF4} = {67FDCC61-FDED-44B1-A1B0-63937CA2AF09}
	EndGlobalSection
EndGlobal
